Microsoft Visual Studio Solution File, Format Version 12.00
# Visual Studio Version 17
VisualStudioVersion = 17.5.2.0
MinimumVisualStudioVersion = 10.0.40219.1
Project("{FAE04EC0-301F-11D3-BF4B-00C04F79EFBC}") = "FatwaQA", "FatwaQA\FatwaQA.csproj", "{2061F0E0-2F51-5701-E84C-E74C7258CC0B}"
EndProject
Global
	GlobalSection(SolutionConfigurationPlatforms) = preSolution
		Debug|Any CPU = Debug|Any CPU
		Release|Any CPU = Release|Any CPU
	EndGlobalSection
	GlobalSection(ProjectConfigurationPlatforms) = postSolution
		{2061F0E0-2F51-5701-E84C-E74C7258CC0B}.Debug|Any CPU.ActiveCfg = Debug|Any CPU
		{2061F0E0-2F51-5701-E84C-E74C7258CC0B}.Debug|Any CPU.Build.0 = Debug|Any CPU
		{2061F0E0-2F51-5701-E84C-E74C7258CC0B}.Release|Any CPU.ActiveCfg = Release|Any CPU
		{2061F0E0-2F51-5701-E84C-E74C7258CC0B}.Release|Any CPU.Build.0 = Release|Any CPU
	EndGlobalSection
	GlobalSection(SolutionProperties) = preSolution
		HideSolutionNode = FALSE
	EndGlobalSection
	GlobalSection(ExtensibilityGlobals) = postSolution
		SolutionGuid = {D0367BBC-24F8-45D2-BECD-B79F60F2D562}
	EndGlobalSection
EndGlobal
